
Microsoft Visual Studio Solution File, Format Version 12.00
# Visual Studio Version 17
VisualStudioVersion = 17.13.35931.197
MinimumVisualStudioVersion = 10.0.40219.1
Project("{FAE04EC0-301F-11D3-BF4B-00C04F79EFBC}") = "DVLD_Project_Presention", "DVLD-Project\DVLD_Project_Presention.csproj", "{53D034E5-0430-42CA-A179-16BD5AE2A9C3}"
EndProject
Project("{FAE04EC0-301F-11D3-BF4B-00C04F79EFBC}") = "Business_Layer", "Bissens-layer\Business_Layer.csproj", "{A49A321C-0915-47AF-B635-6243FEAC309D}"
EndProject
Project("{FAE04EC0-301F-11D3-BF4B-00C04F79EFBC}") = "DataAcess_Layer", "DataAcess-Layer\DataAcess_Layer.csproj", "{95EF3BB0-ACAF-4AEB-9379-5917D494698A}"
EndProject
Global
	GlobalSection(SolutionConfigurationPlatforms) = preSolution
		Debug|Any CPU = Debug|Any CPU
		Release|Any CPU = Release|Any CPU
	EndGlobalSection
	GlobalSection(ProjectConfigurationPlatforms) = postSolution
		{53D034E5-0430-42CA-A179-16BD5AE2A9C3}.Debug|Any CPU.ActiveCfg = Debug|Any CPU
		{53D034E5-0430-42CA-A179-16BD5AE2A9C3}.Debug|Any CPU.Build.0 = Debug|Any CPU
		{53D034E5-0430-42CA-A179-16BD5AE2A9C3}.Release|Any CPU.ActiveCfg = Release|Any CPU
		{53D034E5-0430-42CA-A179-16BD5AE2A9C3}.Release|Any CPU.Build.0 = Release|Any CPU
		{A49A321C-0915-47AF-B635-6243FEAC309D}.Debug|Any CPU.ActiveCfg = Debug|Any CPU
		{A49A321C-0915-47AF-B635-6243FEAC309D}.Debug|Any CPU.Build.0 = Debug|Any CPU
		{A49A321C-0915-47AF-B635-6243FEAC309D}.Release|Any CPU.ActiveCfg = Release|Any CPU
		{A49A321C-0915-47AF-B635-6243FEAC309D}.Release|Any CPU.Build.0 = Release|Any CPU
		{95EF3BB0-ACAF-4AEB-9379-5917D494698A}.Debug|Any CPU.ActiveCfg = Debug|Any CPU
		{95EF3BB0-ACAF-4AEB-9379-5917D494698A}.Debug|Any CPU.Build.0 = Debug|Any CPU
		{95EF3BB0-ACAF-4AEB-9379-5917D494698A}.Release|Any CPU.ActiveCfg = Release|Any CPU
		{95EF3BB0-ACAF-4AEB-9379-5917D494698A}.Release|Any CPU.Build.0 = Release|Any CPU
	EndGlobalSection
	GlobalSection(SolutionProperties) = preSolution
		HideSolutionNode = FALSE
	EndGlobalSection
	GlobalSection(ExtensibilityGlobals) = postSolution
		SolutionGuid = {D71EC236-7D4A-4914-917D-35E306D2DA57}
	EndGlobalSection
EndGlobal
